version = 1
revision = 3
requires-python = ">=3.11"

[[package]]
name = "attrs"
version = "26.1.0"
source = { registry = "https://pypi.org/simple" }
sdist = { url = "https://files.pythonhosted.org/packages/9a/8e/82a0fe20a541c03148528be8cac2408564a6c9a0cc7e9171802bc1d26985/attrs-26.1.0.tar.gz", hash = "sha256:d03ceb89cb322a8fd706d4fb91940737b6642aa36998fe130a9bc96c985eff32", size = 952055, upload-time = "2026-03-19T14:22:25.026Z" }
wheels = [
    { url = "https://files.pythonhosted.org/packages/64/b4/17d4b0b2a2dc85a6df63d1157e028ed19f90d4cd97c36717afef2bc2f395/attrs-26.1.0-py3-none-any.whl", hash = "sha256:c647aa4a12dfbad9333ca4e71fe62ddc36f4e63b2d260a37a8b83d2f043ac309", size = 67548, upload-time = "2026-03-19T14:22:23.645Z" },
]

[[package]]
name = "cattrs"
version = "26.1.0"
source = { registry = "https://pypi.org/simple" }
dependencies = [
    { name = "attrs" },
    { name = "typing-extensions" },
]
sdist = { url = "https://files.pythonhosted.org/packages/a0/ec/ba18945e7d6e55a58364d9fb2e46049c1c2998b3d805f19b703f14e81057/cattrs-26.1.0.tar.gz", hash = "sha256:fa239e0f0ec0715ba34852ce813986dfed1e12117e209b816ab87401271cdd40", size = 495672, upload-time = "2026-02-18T22:15:19.406Z" }
wheels = [
    { url = "https://files.pythonhosted.org/packages/80/56/60547f7801b97c67e97491dc3d9ade9fbccbd0325058fd3dfcb2f5d98d90/cattrs-26.1.0-py3-none-any.whl", hash = "sha256:d1e0804c42639494d469d08d4f26d6b9de9b8ab26b446db7b5f8c2e97f7c3096", size = 73054, upload-time = "2026-02-18T22:15:17.958Z" },
]

[[package]]
name = "lsprotocol"
version = "2025.0.0"
source = { registry = "https://pypi.org/simple" }
dependencies = [
    { name = "attrs" },
    { name = "cattrs" },
]
sdist = { url = "https://files.pythonhosted.org/packages/e9/26/67b84e6ec1402f0e6764ef3d2a0aaf9a79522cc1d37738f4e5bb0b21521a/lsprotocol-2025.0.0.tar.gz", hash = "sha256:e879da2b9301e82cfc3e60d805630487ac2f7ab17492f4f5ba5aaba94fe56c29", size = 74896, upload-time = "2025-06-17T21:30:18.156Z" }
wheels = [
    { url = "https://files.pythonhosted.org/packages/7b/f0/92f2d609d6642b5f30cb50a885d2bf1483301c69d5786286500d15651ef2/lsprotocol-2025.0.0-py3-none-any.whl", hash = "sha256:f9d78f25221f2a60eaa4a96d3b4ffae011b107537facee61d3da3313880995c7", size = 76250, upload-time = "2025-06-17T21:30:19.455Z" },
]

[[package]]
name = "ontoenv"
version = "0.6.0"
source = { registry = "https://pypi.org/simple" }
dependencies = [
    { name = "oxrdflib" },
    { name = "rdflib" },
]
sdist = { url = "https://files.pythonhosted.org/packages/45/92/1aaf87a9caaa187540028f8bea0bfe89bf360174c887f471d5b9c46e9bdb/ontoenv-0.6.0.tar.gz", hash = "sha256:d55f751fd62fd03b8ce85bbcfcf8649eae9d692968cd61f2311aa692966cc65f", size = 1291235, upload-time = "2026-07-27T22:09:17.748Z" }
wheels = [
    { url = "https://files.pythonhosted.org/packages/ec/ef/c0fc5ab0927e5aa99ce529782cd780a6f98603c48f1d12cf76978e44da5c/ontoenv-0.6.0-cp311-abi3-macosx_10_14_x86_64.macosx_11_0_arm64.macosx_10_14_universal2.whl", hash = "sha256:dc9bbd65c96bd3915221fa8d129bfdc54b1fa2827b8a9e16d66969fc49343ae3", size = 14156498, upload-time = "2026-07-27T22:09:06.363Z" },
    { url = "https://files.pythonhosted.org/packages/ba/e5/917271c7aac9d603c951710fa099b0ed367bd356d77cec38a0b0a3025d28/ontoenv-0.6.0-cp311-abi3-macosx_10_14_x86_64.whl", hash = "sha256:01b14970cda48bf0b116bea5f2cae81a6fd67852995015e4e6168e6971f86aa0", size = 7290047, upload-time = "2026-07-27T22:09:08.698Z" },
    { url = "https://files.pythonhosted.org/packages/63/50/6a15d5f90fd9ac1b7c5f1bf98a4451e15f2ca224c900cf1675ccc4e8032c/ontoenv-0.6.0-cp311-abi3-macosx_11_0_arm64.whl", hash = "sha256:8b724803b65cd4fbaef606228e6be889957a2b0f20bacfddad3e047ef4995fdc", size = 6925635, upload-time = "2026-07-27T22:09:10.328Z" },
    { url = "https://files.pythonhosted.org/packages/e7/e6/4f4a484b23da922d2b96fb36aaf9f6139703b07ae742348cc416322c9aab/ontoenv-0.6.0-cp311-abi3-manylinux_2_17_aarch64.manylinux2014_aarch64.whl", hash = "sha256:0b485f884d197f7801a7898917163ebefeedb07e1ddd60a90f9af238b5acc775", size = 6460910, upload-time = "2026-07-27T22:09:11.796Z" },
    { url = "https://files.pythonhosted.org/packages/d9/fa/1d075ba8969d7f3499674abdea8dbd890a5e3c03fa4e3643d1524e54e02e/ontoenv-0.6.0-cp311-abi3-manylinux_2_17_x86_64.manylinux2014_x86_64.whl", hash = "sha256:e4db0050aec1f5a9fbd143c2c8023b90dcc72564d5c928ab44967bad9d30cadf", size = 6928005, upload-time = "2026-07-27T22:09:13.394Z" },
    { url = "https://files.pythonhosted.org/packages/fc/b4/898ef419c286a9b370d58796f479ef0c4ab4b1cfd4c74744e10c6cce2594/ontoenv-0.6.0-cp311-abi3-win_amd64.whl", hash = "sha256:93ef8f65e402366b4c9fe7bb0ef73152c4cf58db10aa5a85503e1b02c715fe0e", size = 6505538, upload-time = "2026-07-27T22:09:14.658Z" },
]

[[package]]
name = "oxrdflib"
version = "0.5.0"
source = { registry = "https://pypi.org/simple" }
dependencies = [
    { name = "pyoxigraph" },
    { name = "rdflib" },
]
sdist = { url = "https://files.pythonhosted.org/packages/ec/97/589f244d9a12e033f5216595ef17e7975aabe7f906f709a3a8d1cde37288/oxrdflib-0.5.0.tar.gz", hash = "sha256:f83148e2c6d443f7718c6e8936c6b89e36ebb4f1002da69e8f0656e8fb5a0df2", size = 7708, upload-time = "2025-09-13T19:11:32.584Z" }
wheels = [
    { url = "https://files.pythonhosted.org/packages/c6/f7/9cee8d87f202f88d93179db083508c898deac42b235ff20ade1f456770a1/oxrdflib-0.5.0-py3-none-any.whl", hash = "sha256:dbe7b57bddca1b2acaf93c71ce3cf2022be8e673052e05ad317682cb9c56b559", size = 9925, upload-time = "2025-09-13T19:11:31.368Z" },
]

[[package]]
name = "pygls"
version = "2.1.1"
source = { registry = "https://pypi.org/simple" }
dependencies = [
    { name = "attrs" },
    { name = "cattrs" },
    { name = "lsprotocol" },
]
sdist = { url = "https://files.pythonhosted.org/packages/da/2e/7bbe061d175c0baddde8fc9edb908a4c31ba5d9165b8c68e3439c3a9f138/pygls-2.1.1.tar.gz", hash = "sha256:1da03ba9053201bb337dcdd8d121df70feb2a91e1a0dcc74de5da79755b1a201", size = 55091, upload-time = "2026-03-25T11:19:10.541Z" }
wheels = [
    { url = "https://files.pythonhosted.org/packages/fd/1a/208293b6c350f5abea6941d5606080d4a492644052504f5312e5de30a902/pygls-2.1.1-py3-none-any.whl", hash = "sha256:510a6dea2476177230c7d851125e5948efdf3fdb9ebfd8543fc434972f8faed4", size = 68975, upload-time = "2026-03-25T11:19:11.374Z" },
]

[[package]]
name = "pyoxigraph"
version = "0.5.9"
source = { registry = "https://pypi.org/simple" }
sdist = { url = "https://files.pythonhosted.org/packages/30/a8/a06280358352a5fddf8c0753af7ec679a223008448e0602671209db0a390/pyoxigraph-0.5.9.tar.gz", hash = "sha256:fe2bea0f41f5284b6dad99ea718d7ff03600068cdf8736b63a9e6cd05f056b19", size = 5302359, upload-time = "2026-06-18T17:09:13.897Z" }
wheels = [
    { url = "https://files.pythonhosted.org/packages/0a/17/dcf159e871c80d42c8a757e0a16850faf16b87c375d94c2623c2928b0df4/pyoxigraph-0.5.9-cp311-cp311-manylinux_2_28_aarch64.whl", hash = "sha256:baffb41d914b761b06cde61eeb0a35dd5f0fa4808f71ae9902fdd1179e70e553", size = 7682234, upload-time = "2026-06-18T17:08:12.118Z" },
    { url = "https://files.pythonhosted.org/packages/ec/cd/441573ae6b5e7bb347ddf1889e137c99192ea19ea698320650295967802b/pyoxigraph-0.5.9-cp311-cp311-manylinux_2_28_x86_64.whl", hash = "sha256:56b78aab5a5688ede88404372574785ba74e8d82b2cd1c0b0623a03b7069967f", size = 8200446, upload-time = "2026-06-18T17:08:14.102Z" },
    { url = "https://files.pythonhosted.org/packages/8e/cb/4d9122dc13626994197a1afa1620551b40e316e391bcf816d73d73673576/pyoxigraph-0.5.9-cp311-cp311-win_amd64.whl", hash = "sha256:eee3db30ecb6836fdc05ddcbc6aa79ed521afcbfa707a8561b7e5891c4fb4ff8", size = 5385125, upload-time = "2026-06-18T17:08:16.068Z" },
    { url = "https://files.pythonhosted.org/packages/d2/0f/3ae7a5cf9d4a2fab482ebe807316e18d55fea32cd52f0fff88fa6ece3f58/pyoxigraph-0.5.9-cp312-cp312-manylinux_2_28_aarch64.whl", hash = "sha256:6ab699861035163e89bc512ce20aa6e91b654e4d33114c9f5facab08f0fe3d7e", size = 7684369, upload-time = "2026-06-18T17:08:17.867Z" },
    { url = "https://files.pythonhosted.org/packages/bf/08/ea04c09eb740bee7eeb57ea1769ec4088bfd55b24fc6f931bea317a65512/pyoxigraph-0.5.9-cp312-cp312-manylinux_2_28_x86_64.whl", hash = "sha256:5a8a1b2debadb5fe79f8b89cbe1193e9c0e6fc1cf0c9431b6be706234beeabbe", size = 8202216, upload-time = "2026-06-18T17:08:19.95Z" },
    { url = "https://files.pythonhosted.org/packages/8c/c1/f03ecc4fb5a09b4e6632218dece98073f3c4f0cdfc4823aedaea0186aa82/pyoxigraph-0.5.9-cp312-cp312-win_amd64.whl", hash = "sha256:d04806073905f448a48811b217115e71224be7f1d4075d1f5f5ec07a016f42ae", size = 5388427, upload-time = "2026-06-18T17:08:21.916Z" },
    { url = "https://files.pythonhosted.org/packages/cc/1e/497bd58a038ca83ec289a56d35fcad2183f4a180c787aa04268d2a88d4fd/pyoxigraph-0.5.9-cp312-cp312-win_arm64.whl", hash = "sha256:379bef7f8fc38f638f358b1e12bc5bdc908a0e7d47157f4399bf103c727a66da", size = 5044584, upload-time = "2026-06-18T17:08:23.644Z" },
    { url = "https://files.pythonhosted.org/packages/cd/05/ac08fccf52372f4a91bb97d07c0dba8e3644616aa6907a5864a6a26bb3ae/pyoxigraph-0.5.9-cp313-cp313-manylinux_2_28_aarch64.whl", hash = "sha256:bcac65148bddcd0ae24ee1bf20a2e89cc225a926b9e9996eb64dcce60400d1a3", size = 7684737, upload-time = "2026-06-18T17:08:25.463Z" },
    { url = "https://files.pythonhosted.org/packages/65/b4/7493acbbbe18c9649782f1942d3877ab3f7ad08b5746153f2b4f4d62d2f7/pyoxigraph-0.5.9-cp313-cp313-manylinux_2_28_x86_64.whl", hash = "sha256:57f3619c7860f4c95ddab077e4a3dedb7ca4cf191bd81096db835264d414ec5b", size = 8202316, upload-time = "2026-06-18T17:08:27.467Z" },
    { url = "https://files.pythonhosted.org/packages/3b/b4/55368af8a83e7811d25155cf2fc62a814b77594aadb98d3906086b203e1c/pyoxigraph-0.5.9-cp313-cp313-win_amd64.whl", hash = "sha256:4f8ff48b873157ab38e2595a56d6d2008471a45853f5fffc645658c6f69c07db", size = 5390781, upload-time = "2026-06-18T17:08:29.277Z" },
    { url = "https://files.pythonhosted.org/packages/47/0e/ef38dc2ee3b6f89f356f3016c7dd3cf9b4b5153f934a841aa32bfcc594ac/pyoxigraph-0.5.9-cp313-cp313-win_arm64.whl", hash = "sha256:b829233ea4445ccd1032d02e9189432a77e16888a79313498aa501b8731dc925", size = 5046172, upload-time = "2026-06-18T17:08:31.25Z" },
    { url = "https://files.pythonhosted.org/packages/51/f5/7a97cf8fc761d55057a029725dcffef561390ed565a5504f895a409034f7/pyoxigraph-0.5.9-cp313-cp313t-win_amd64.whl", hash = "sha256:e9ca7cd7666336fcbafd9a2ec7d598dd859b7bd2ca7b0838a0f7b92dd3828c28", size = 5387927, upload-time = "2026-06-18T17:08:33.075Z" },
    { url = "https://files.pythonhosted.org/packages/5b/c3/c9a7dfb5fc6f60488f67214e79696a6b5312d612ed4dcc57a62363632f49/pyoxigraph-0.5.9-cp314-cp314-manylinux_2_28_aarch64.whl", hash = "sha256:f9154bea122c0bab11eda7604b27ceb424ab8ba1637250503008b8c6632ea405", size = 7682217, upload-time = "2026-06-18T17:08:34.851Z" },
    { url = "https://files.pythonhosted.org/packages/cb/23/f83d0af4504ac0f80bfe938eea04713c8801bf135f7b91bc52fff55b3e06/pyoxigraph-0.5.9-cp314-cp314-manylinux_2_28_x86_64.whl", hash = "sha256:4558d430bbad6e6b4ba98e0e89a2e28402211069d38e6e9b00083ae2d9d2d175", size = 8200691, upload-time = "2026-06-18T17:08:36.649Z" },
    { url = "https://files.pythonhosted.org/packages/12/36/b82fa34b525c27a0262ff1007af014706be4485158c9d7bd49fec14b84e3/pyoxigraph-0.5.9-cp314-cp314-win_amd64.whl", hash = "sha256:79caf78136a8312e506beb607910cc5a93662a05a173aa9b560ce9d08801384f", size = 5386008, upload-time = "2026-06-18T17:08:38.345Z" },
    { url = "https://files.pythonhosted.org/packages/7a/ca/3c1a7fc7fa5641173d6f91dc58e3cea47e7571716a9aafb909039e1f885b/pyoxigraph-0.5.9-cp314-cp314t-manylinux_2_28_aarch64.whl", hash = "sha256:917d976dcb813d613d0ddd7da1c9dec6ad02ee815015f393c703cf0804946653", size = 7675486, upload-time = "2026-06-18T17:08:40.171Z" },
    { url = "https://files.pythonhosted.org/packages/89/aa/0c7e0c2c07e29676f78bfc38a5712b0c4e087d0dbde72b4c6b54b47f231d/pyoxigraph-0.5.9-cp314-cp314t-manylinux_2_28_x86_64.whl", hash = "sha256:68f8daf082ea4bf9583abd10b64e23cd2c4a3285338a5ec24254181d45e63083", size = 8197760, upload-time = "2026-06-18T17:08:42.069Z" },
    { url = "https://files.pythonhosted.org/packages/aa/c5/c37b33219897bd1e016181644efc22f15abfa16fbf9ba6e3db7c7f55dc09/pyoxigraph-0.5.9-cp314-cp314t-win_amd64.whl", hash = "sha256:b8884b0ce3ccbac99ebc2c995614a13dc5f5d86b0adb847f36aeb1c713d12946", size = 5382226, upload-time = "2026-06-18T17:08:43.836Z" },
    { url = "https://files.pythonhosted.org/packages/27/d4/543c3a613f9b39ce06f0c052f36a0c5933157724176c04508e407e73fb98/pyoxigraph-0.5.9-cp38-abi3-macosx_10_14_x86_64.whl", hash = "sha256:8b998bc479a54a8905cdeaad621d0f7fed212abf9f1cbededfde4c51fc8e3bb8", size = 6306670, upload-time = "2026-06-18T17:08:45.616Z" },
    { url = "https://files.pythonhosted.org/packages/7e/28/080334bc7a4540a2102460f55557c04aadf9f2282c15896f4e9d998982d8/pyoxigraph-0.5.9-cp38-abi3-macosx_11_0_arm64.whl", hash = "sha256:5c9f93db5e14a03ac1e3934cece3fb6f7c0a9f4bde33082c72c788c12bf65ba4", size = 5786471, upload-time = "2026-06-18T17:08:48.314Z" },
    { url = "https://files.pythonhosted.org/packages/76/4f/50fd2f11b733eeea8f0c6c7804fc22d1bcf7a43ef8d61a1ad8f18a1f9ce4/pyoxigraph-0.5.9-cp38-abi3-manylinux_2_28_aarch64.whl", hash = "sha256:afe19bd1835a7245caad06cc9bb1a5c861882dc074fdfa24ba2626e3bbf9866a", size = 7683430, upload-time = "2026-06-18T17:08:50.397Z" },
    { url = "https://files.pythonhosted.org/packages/12/d7/80f6d4dd5aa7f02b6020e75216213460b84edd7e32d32155507523a04b2b/pyoxigraph-0.5.9-cp38-abi3-manylinux_2_28_x86_64.whl", hash = "sha256:3bd1925a8185320bcb8c549cccafbb423cc3957513890e6f420b8e355055052a", size = 8204009, upload-time = "2026-06-18T17:08:52.493Z" },
    { url = "https://files.pythonhosted.org/packages/82/94/da29a7d85340f119be878136507a8cbf4640ed5fe2b0dbc68fd67a1f807c/pyoxigraph-0.5.9-cp38-abi3-musllinux_1_2_aarch64.whl", hash = "sha256:f619aac7199b2ba91cade2fe69f64b4c73abb1e6b33735b0ff7205a753e609cd", size = 8865946, upload-time = "2026-06-18T17:08:54.477Z" },
    { url = "https://files.pythonhosted.org/packages/7a/42/222017d65d411f1993585d51b977b65680ecc0edbc28609f702a65107e65/pyoxigraph-0.5.9-cp38-abi3-musllinux_1_2_x86_64.whl", hash = "sha256:09071f6c08b9489723dec96e2d96f64a15b9be2d165d3bbf67d40712884ba7a3", size = 9414073, upload-time = "2026-06-18T17:08:57.435Z" },
    { url = "https://files.pythonhosted.org/packages/f2/8a/7ba44c596afa3377a9c75f6ff76de91e8e45a18df72d17cb74efbb02db92/pyoxigraph-0.5.9-cp38-abi3-win_amd64.whl", hash = "sha256:efd3d03bd2a36f9b0bdf3ce70d76ce5278c481fe961d14c2bb6efcac10f57ae2", size = 5391422, upload-time = "2026-06-18T17:08:59.508Z" },
    { url = "https://files.pythonhosted.org/packages/c5/46/b092a22596c7ed11b0b26b3dade2dede638fc6a3e61ee7e5168aa3481948/pyoxigraph-0.5.9-cp38-abi3-win_arm64.whl", hash = "sha256:94c2a8b52c1ed6e445a235a4f89cd460eea936f399d28df5e9927826bf52f032", size = 5048182, upload-time = "2026-06-18T17:09:01.419Z" },
    { url = "https://files.pythonhosted.org/packages/ac/1e/99b6d12597f3dd59ac17b88925bde71b1b7667139b5c55d4376e1db3e409/pyoxigraph-0.5.9-pp311-pypy311_pp73-manylinux_2_28_aarch64.whl", hash = "sha256:f39a6175a80a55c837981d4d68f42380071bb1d45af124de488fcc8a61a81af3", size = 7682650, upload-time = "2026-06-18T17:09:07.653Z" },
    { url = "https://files.pythonhosted.org/packages/87/61/a51a916969d75d5ccb7d1476fbbb9f67cca369fbc2bdf46575a7a399590b/pyoxigraph-0.5.9-pp311-pypy311_pp73-manylinux_2_28_x86_64.whl", hash = "sha256:71dba053e5efc0002fbd4ace3119b9d3aec8a6c5b164ed7409a2429bf71171b8", size = 8200433, upload-time = "2026-06-18T17:09:09.683Z" },
    { url = "https://files.pythonhosted.org/packages/aa/0f/800013ea344187b8cd98d34af827f2ac56ef02fb66c2026c525a8015261e/pyoxigraph-0.5.9-pp311-pypy311_pp73-win_amd64.whl", hash = "sha256:70ffb46ae49f52b18a49c3fb63d906ae9c189de4fe4dbf5453279bda4d27af4e", size = 5386457, upload-time = "2026-06-18T17:09:11.769Z" },
]

[[package]]
name = "pyparsing"
version = "3.3.2"
source = { registry = "https://pypi.org/simple" }
sdist = { url = "https://files.pythonhosted.org/packages/f3/91/9c6ee907786a473bf81c5f53cf703ba0957b23ab84c264080fb5a450416f/pyparsing-3.3.2.tar.gz", hash = "sha256:c777f4d763f140633dcb6d8a3eda953bf7a214dc4eff598413c070bcdc117cbc", size = 6851574, upload-time = "2026-01-21T03:57:59.36Z" }
wheels = [
    { url = "https://files.pythonhosted.org/packages/10/bd/c038d7cc38edc1aa5bf91ab8068b63d4308c66c4c8bb3cbba7dfbc049f9c/pyparsing-3.3.2-py3-none-any.whl", hash = "sha256:850ba148bd908d7e2411587e247a1e4f0327839c40e2e5e6d05a007ecc69911d", size = 122781, upload-time = "2026-01-21T03:57:55.912Z" },
]

[[package]]
name = "pyshifty"
version = "0.3.0"
source = { registry = "https://pypi.org/simple" }
sdist = { url = "https://files.pythonhosted.org/packages/f9/0b/9718ffea9fa49f4530533582de07086314b29a42650762be56b510e094c8/pyshifty-0.3.0.tar.gz", hash = "sha256:6f2571c9f6e29740256d4d94f8780014a7535a0b2f6277d168261f2b8e304521", size = 353177, upload-time = "2026-07-30T04:12:48.299Z" }
wheels = [
    { url = "https://files.pythonhosted.org/packages/4d/ec/b2b372543aa42fe7884c2cb28154d67c146c222d6c40d5448c1fb1d53d49/pyshifty-0.3.0-cp39-abi3-macosx_11_0_arm64.whl", hash = "sha256:09a0f2f9a132217a40104452c6987bd95d97cad04bb15c06715cbc1c1db08233", size = 3601986, upload-time = "2026-07-30T04:12:33.731Z" },
    { url = "https://files.pythonhosted.org/packages/ae/e3/5188764a4a3cecdbffd3791971a541d8cc3931f4027b5af84812a633f565/pyshifty-0.3.0-cp39-abi3-manylinux_2_17_aarch64.manylinux2014_aarch64.whl", hash = "sha256:75e62241f4a77cc9ce2bd3c0e19ec1d6f5142c2b39360dc5d8478691ffd033bc", size = 35950632, upload-time = "2026-07-30T04:12:35.736Z" },
    { url = "https://files.pythonhosted.org/packages/62/de/806d9ba139950c589ad054ce1962006c9176b00419db4206f79137a00194/pyshifty-0.3.0-cp39-abi3-manylinux_2_17_x86_64.manylinux2014_x86_64.whl", hash = "sha256:32f066d76168d59061aecff412951d3563d9dfae4e6e4d798699c063ed884c9b", size = 36471100, upload-time = "2026-07-30T04:12:38.832Z" },
    { url = "https://files.pythonhosted.org/packages/20/d3/000875f555cba1222cee2c196d22f9dcccf34fb2f8abaa0a4cd5329505f2/pyshifty-0.3.0-cp39-abi3-musllinux_1_2_aarch64.whl", hash = "sha256:bc6781e3584fca2f1f9ea521839d29cd4910ce742bf53b3950894afd271f9f1e", size = 35936076, upload-time = "2026-07-30T04:12:41.463Z" },
    { url = "https://files.pythonhosted.org/packages/ce/ab/04d89480d9832476dbe582a02eee9b3d19d591790effad1161cf6b4f5078/pyshifty-0.3.0-cp39-abi3-musllinux_1_2_x86_64.whl", hash = "sha256:1ef170396cfd55efca38d4acd825a0faa11ab4785613eb957368e0cb180388fc", size = 36457352, upload-time = "2026-07-30T04:12:44.23Z" },
    { url = "https://files.pythonhosted.org/packages/86/f0/d2a754229db8264970f49374fb02b2d5877e09b5135febf4ba97473516b8/pyshifty-0.3.0-cp39-abi3-win_amd64.whl", hash = "sha256:06859a98d44aa7a09be62c7fb25726c527df873fb5d364de329b04acfa97a59a", size = 3397266, upload-time = "2026-07-30T04:12:46.833Z" },
]

[[package]]
name = "rdflib"
version = "7.6.0"
source = { registry = "https://pypi.org/simple" }
dependencies = [
    { name = "pyparsing" },
]
sdist = { url = "https://files.pythonhosted.org/packages/98/f5/18bb77b7af9526add0c727a3b2048959847dc5fb030913e2918bf384fec3/rdflib-7.6.0.tar.gz", hash = "sha256:6c831288d5e4a5a7ece85d0ccde9877d512a3d0f02d7c06455d00d6d0ea379df", size = 4943826, upload-time = "2026-02-13T07:15:55.938Z" }
wheels = [
    { url = "https://files.pythonhosted.org/packages/10/c2/6604a71269e0c1bd75656d5a001432d16f2cc5b8c057140ec797155c295e/rdflib-7.6.0-py3-none-any.whl", hash = "sha256:30c0a3ebf4c0e09215f066be7246794b6492e054e782d7ac2a34c9f70a15e0dd", size = 615416, upload-time = "2026-02-13T07:15:46.487Z" },
]

[[package]]
name = "shifty-lsp"
version = "0.1.2"
source = { editable = "." }
dependencies = [
    { name = "ontoenv" },
    { name = "pygls" },
    { name = "pyshifty" },
    { name = "rdflib" },
]

[package.metadata]
requires-dist = [
    { name = "ontoenv", specifier = ">=0.6,<0.7" },
    { name = "pygls", specifier = ">=2.0" },
    { name = "pyshifty", specifier = ">=0.3" },
    { name = "rdflib", specifier = ">=7.0" },
]

[[package]]
name = "typing-extensions"
version = "4.16.0"
source = { registry = "https://pypi.org/simple" }
sdist = { url = "https://files.pythonhosted.org/packages/f6/cc/6253133b5bb138fc3306cebfbda2c520f545d36b5be2c7255cc528bb45d6/typing_extensions-4.16.0.tar.gz", hash = "sha256:dc983d19a509c94dba722ee6abd33940f7c05a89e243c47e907eb4db6f1a43e5", size = 113555, upload-time = "2026-07-02T08:40:05.92Z" }
wheels = [
    { url = "https://files.pythonhosted.org/packages/49/d3/b8441a820a491ddfc024b0b0cf0393375b75ea13866d9c66727e54c2fc80/typing_extensions-4.16.0-py3-none-any.whl", hash = "sha256:481caa481374e813c1b176ada14e97f1f67a4539ce9cfeb3f350d78d6370c2e8", size = 45571, upload-time = "2026-07-02T08:40:04.659Z" },
]
